<?xml version="1.0" encoding="utf-8"?>
<Project ToolsVersion="4.0" xmlns="http://schemas.microsoft.com/developer/msbuild/2003">
  <ItemGroup>
    <Filter Include="ソース ファイル">
      <UniqueIdentifier>{4FC737F1-C7A5-4376-A066-2A32D752A2FF}</UniqueIdentifier>
      <Extensions>cpp;c;cc;cxx;c++;cppm;ixx;def;odl;idl;hpj;bat;asm;asmx</Extensions>
    </Filter>
    <Filter Include="ヘッダー ファイル">
      <UniqueIdentifier>{93995380-89BD-4b04-88EB-625FBE52EBFB}</UniqueIdentifier>
      <Extensions>h;hh;hpp;hxx;h++;hm;inl;inc;ipp;xsd</Extensions>
    </Filter>
    <Filter Include="リソース ファイル">
      <UniqueIdentifier>{67DA6AB6-F800-4c08-8B7A-83BB121AAD01}</UniqueIdentifier>
      <Extensions>rc;ico;cur;bmp;dlg;rc2;rct;bin;rgs;gif;jpg;jpeg;jpe;resx;tiff;tif;png;wav;mfcribbon-ms</Extensions>
    </Filter>
    <Filter Include="ソース ファイル\effect">
      <UniqueIdentifier>{a70095c6-8f48-4154-a408-b477144e5b61}</UniqueIdentifier>
    </Filter>
    <Filter Include="ソース ファイル\enemy">
      <UniqueIdentifier>{ec8650c2-0b9e-4892-bec1-23327f872880}</UniqueIdentifier>
    </Filter>
    <Filter Include="ソース ファイル\mode">
      <UniqueIdentifier>{39862800-71f1-4fca-9f7a-91d0c244d232}</UniqueIdentifier>
    </Filter>
    <Filter Include="ソース ファイル\mode\title">
      <UniqueIdentifier>{5c70a065-589b-48da-945c-3974aca2299f}</UniqueIdentifier>
    </Filter>
    <Filter Include="ソース ファイル\mode\tutorial">
      <UniqueIdentifier>{3819c539-147d-4bc2-8e26-53f6c8ddc2e6}</UniqueIdentifier>
    </Filter>
    <Filter Include="ソース ファイル\mode\game">
      <UniqueIdentifier>{efaae0f2-9843-418a-8f54-7323f61e1923}</UniqueIdentifier>
    </Filter>
    <Filter Include="ソース ファイル\mode\result">
      <UniqueIdentifier>{d329f344-20ee-4725-9e2b-2b1986c3b020}</UniqueIdentifier>
    </Filter>
    <Filter Include="ソース ファイル\mode\ranking">
      <UniqueIdentifier>{bc50a386-5ccf-4fa4-8429-169ccf526e75}</UniqueIdentifier>
    </Filter>
    <Filter Include="ソース ファイル\object">
      <UniqueIdentifier>{941d7837-bc3f-48c8-977f-bfb76e32a97f}</UniqueIdentifier>
    </Filter>
    <Filter Include="ソース ファイル\number">
      <UniqueIdentifier>{a924a61c-1e97-4d64-bec3-6b1acd50fb37}</UniqueIdentifier>
    </Filter>
    <Filter Include="ソース ファイル\edit">
      <UniqueIdentifier>{4231aa5b-487a-4339-b5b5-354ee5eb9e73}</UniqueIdentifier>
    </Filter>
    <Filter Include="ソース ファイル\mesh">
      <UniqueIdentifier>{cddc693c-3312-4faf-931b-a735e9066a66}</UniqueIdentifier>
    </Filter>
    <Filter Include="ソース ファイル\system">
      <UniqueIdentifier>{b1573264-735b-4afd-a9d3-d07c895e7f04}</UniqueIdentifier>
    </Filter>
    <Filter Include="ソース ファイル\player">
      <UniqueIdentifier>{9512010c-54e3-4d62-bd9b-98cc303c6c25}</UniqueIdentifier>
    </Filter>
    <Filter Include="ヘッダー ファイル\effect">
      <UniqueIdentifier>{ed1c154b-2f63-4fec-b3d6-7ac077ae295f}</UniqueIdentifier>
    </Filter>
    <Filter Include="ヘッダー ファイル\mode">
      <UniqueIdentifier>{52523b29-a305-48e4-9ea3-05b7cd241f63}</UniqueIdentifier>
    </Filter>
    <Filter Include="ヘッダー ファイル\enemy">
      <UniqueIdentifier>{b3359ad3-263c-4bba-bf70-8b94b779da57}</UniqueIdentifier>
    </Filter>
    <Filter Include="ヘッダー ファイル\edit">
      <UniqueIdentifier>{95312ab9-1f82-4097-b5b1-d7d07529dad5}</UniqueIdentifier>
    </Filter>
    <Filter Include="ヘッダー ファイル\mesh">
      <UniqueIdentifier>{80edc618-b640-4c6b-a5b1-ac94bd96f06e}</UniqueIdentifier>
    </Filter>
    <Filter Include="ヘッダー ファイル\system">
      <UniqueIdentifier>{cfccfe46-cc09-47ce-b2cb-a995d27c3127}</UniqueIdentifier>
    </Filter>
    <Filter Include="ヘッダー ファイル\player">
      <UniqueIdentifier>{0bd28373-be3d-41ab-a831-a66164bc0c1e}</UniqueIdentifier>
    </Filter>
    <Filter Include="ヘッダー ファイル\number">
      <UniqueIdentifier>{e831a743-485e-4204-8176-2468dde72d1d}</UniqueIdentifier>
    </Filter>
    <Filter Include="ヘッダー ファイル\object">
      <UniqueIdentifier>{55be3250-0a73-40cc-a712-51842b098b5b}</UniqueIdentifier>
    </Filter>
    <Filter Include="ヘッダー ファイル\mode\game">
      <UniqueIdentifier>{b1fe3121-15e9-4f62-8512-73d10a784694}</UniqueIdentifier>
    </Filter>
    <Filter Include="ヘッダー ファイル\mode\title">
      <UniqueIdentifier>{63392455-2a9b-40ec-9c5f-69dd9cb1d375}</UniqueIdentifier>
    </Filter>
    <Filter Include="ヘッダー ファイル\mode\result">
      <UniqueIdentifier>{15c4e786-cfc9-4d8f-a77a-4f0ba2151c26}</UniqueIdentifier>
    </Filter>
    <Filter Include="ヘッダー ファイル\mode\ranking">
      <UniqueIdentifier>{2985d6dc-9b21-47be-946d-01945506f6c2}</UniqueIdentifier>
    </Filter>
    <Filter Include="ヘッダー ファイル\mode\tutorial">
      <UniqueIdentifier>{7cb52d46-4d78-4529-9290-13e0209144ff}</UniqueIdentifier>
    </Filter>
  </ItemGroup>
  <ItemGroup>
    <ClCompile Include="ballast.cpp">
      <Filter>ソース ファイル</Filter>
    </ClCompile>
    <ClCompile Include="beam.cpp">
      <Filter>ソース ファイル</Filter>
    </ClCompile>
    <ClCompile Include="bg.cpp">
      <Filter>ソース ファイル</Filter>
    </ClCompile>
    <ClCompile Include="blackframe.cpp">
      <Filter>ソース ファイル</Filter>
    </ClCompile>
    <ClCompile Include="bullet.cpp">
      <Filter>ソース ファイル</Filter>
    </ClCompile>
    <ClCompile Include="camera.cpp">
      <Filter>ソース ファイル</Filter>
    </ClCompile>
    <ClCompile Include="collision.cpp">
      <Filter>ソース ファイル</Filter>
    </ClCompile>
    <ClCompile Include="collisionobject.cpp">
      <Filter>ソース ファイル</Filter>
    </ClCompile>
    <ClCompile Include="debugproc.cpp">
      <Filter>ソース ファイル</Filter>
    </ClCompile>
    <ClCompile Include="explosion.cpp">
      <Filter>ソース ファイル</Filter>
    </ClCompile>
    <ClCompile Include="fade.cpp">
      <Filter>ソース ファイル</Filter>
    </ClCompile>
    <ClCompile Include="hp_gauge.cpp">
      <Filter>ソース ファイル</Filter>
    </ClCompile>
    <ClCompile Include="hp_gauge_boss.cpp">
      <Filter>ソース ファイル</Filter>
    </ClCompile>
    <ClCompile Include="instantfade.cpp">
      <Filter>ソース ファイル</Filter>
    </ClCompile>
    <ClCompile Include="limitarea.cpp">
      <Filter>ソース ファイル</Filter>
    </ClCompile>
    <ClCompile Include="listmanager.cpp">
      <Filter>ソース ファイル</Filter>
    </ClCompile>
    <ClCompile Include="map.cpp">
      <Filter>ソース ファイル</Filter>
    </ClCompile>
    <ClCompile Include="model.cpp">
      <Filter>ソース ファイル</Filter>
    </ClCompile>
    <ClCompile Include="motion.cpp">
      <Filter>ソース ファイル</Filter>
    </ClCompile>
    <ClCompile Include="particle.cpp">
      <Filter>ソース ファイル</Filter>
    </ClCompile>
    <ClCompile Include="pause.cpp">
      <Filter>ソース ファイル</Filter>
    </ClCompile>
    <ClCompile Include="precompile.cpp">
      <Filter>ソース ファイル</Filter>
    </ClCompile>
    <ClCompile Include="santabag.cpp">
      <Filter>ソース ファイル</Filter>
    </ClCompile>
    <ClCompile Include="score.cpp">
      <Filter>ソース ファイル</Filter>
    </ClCompile>
    <ClCompile Include="shadow.cpp">
      <Filter>ソース ファイル</Filter>
    </ClCompile>
    <ClCompile Include="stage.cpp">
      <Filter>ソース ファイル</Filter>
    </ClCompile>
    <ClCompile Include="stagecleartext.cpp">
      <Filter>ソース ファイル</Filter>
    </ClCompile>
    <ClCompile Include="timer.cpp">
      <Filter>ソース ファイル</Filter>
    </ClCompile>
    <ClCompile Include="2D_effect.cpp">
      <Filter>ソース ファイル\effect</Filter>
    </ClCompile>
    <ClCompile Include="3D_effect.cpp">
      <Filter>ソース ファイル\effect</Filter>
    </ClCompile>
    <ClCompile Include="effect_addscore.cpp">
      <Filter>ソース ファイル\effect</Filter>
    </ClCompile>
    <ClCompile Include="effect_enemyspawn.cpp">
      <Filter>ソース ファイル\effect</Filter>
    </ClCompile>
    <ClCompile Include="effect_slashhit.cpp">
      <Filter>ソース ファイル\effect</Filter>
    </ClCompile>
    <ClCompile Include="effect_startupeye.cpp">
      <Filter>ソース ファイル\effect</Filter>
    </ClCompile>
    <ClCompile Include="effect_thunderring.cpp">
      <Filter>ソース ファイル\effect</Filter>
    </ClCompile>
    <ClCompile Include="enemy.cpp">
      <Filter>ソース ファイル\enemy</Filter>
    </ClCompile>
    <ClCompile Include="enemy_boss.cpp">
      <Filter>ソース ファイル\enemy</Filter>
    </ClCompile>
    <ClCompile Include="enemy_cookie.cpp">
      <Filter>ソース ファイル\enemy</Filter>
    </ClCompile>
    <ClCompile Include="enemy_orafu.cpp">
      <Filter>ソース ファイル\enemy</Filter>
    </ClCompile>
    <ClCompile Include="enemybase.cpp">
      <Filter>ソース ファイル\enemy</Filter>
    </ClCompile>
    <ClCompile Include="enemymanager.cpp">
      <Filter>ソース ファイル\enemy</Filter>
    </ClCompile>
    <ClCompile Include="game.cpp">
      <Filter>ソース ファイル\mode\game</Filter>
    </ClCompile>
    <ClCompile Include="gamemanager.cpp">
      <Filter>ソース ファイル\mode\game</Filter>
    </ClCompile>
    <ClCompile Include="object.cpp">
      <Filter>ソース ファイル\object</Filter>
    </ClCompile>
    <ClCompile Include="object_circlegauge2D.cpp">
      <Filter>ソース ファイル\object</Filter>
    </ClCompile>
    <ClCompile Include="object2D.cpp">
      <Filter>ソース ファイル\object</Filter>
    </ClCompile>
    <ClCompile Include="object2D_Anim.cpp">
      <Filter>ソース ファイル\object</Filter>
    </ClCompile>
    <ClCompile Include="object3D.cpp">
      <Filter>ソース ファイル\object</Filter>
    </ClCompile>
    <ClCompile Include="object3D_Anim.cpp">
      <Filter>ソース ファイル\object</Filter>
    </ClCompile>
    <ClCompile Include="object3DMesh.cpp">
      <Filter>ソース ファイル\object</Filter>
    </ClCompile>
    <ClCompile Include="objectBillboard.cpp">
      <Filter>ソース ファイル\object</Filter>
    </ClCompile>
    <ClCompile Include="objectBillboard_Anim.cpp">
      <Filter>ソース ファイル\object</Filter>
    </ClCompile>
    <ClCompile Include="objectChara.cpp">
      <Filter>ソース ファイル\object</Filter>
    </ClCompile>
    <ClCompile Include="objectX.cpp">
      <Filter>ソース ファイル\object</Filter>
    </ClCompile>
    <ClCompile Include="edit.cpp">
      <Filter>ソース ファイル\edit</Filter>
    </ClCompile>
    <ClCompile Include="edit_enemybase.cpp">
      <Filter>ソース ファイル\edit</Filter>
    </ClCompile>
    <ClCompile Include="meshcylinder.cpp">
      <Filter>ソース ファイル\mesh</Filter>
    </ClCompile>
    <ClCompile Include="meshdome.cpp">
      <Filter>ソース ファイル\mesh</Filter>
    </ClCompile>
    <ClCompile Include="meshfield.cpp">
      <Filter>ソース ファイル\mesh</Filter>
    </ClCompile>
    <ClCompile Include="meshsphere.cpp">
      <Filter>ソース ファイル\mesh</Filter>
    </ClCompile>
    <ClCompile Include="meshwall.cpp">
      <Filter>ソース ファイル\mesh</Filter>
    </ClCompile>
    <ClCompile Include="title.cpp">
      <Filter>ソース ファイル\mode\title</Filter>
    </ClCompile>
    <ClCompile Include="title_screen.cpp">
      <Filter>ソース ファイル\mode\title</Filter>
    </ClCompile>
    <ClCompile Include="tutorial.cpp">
      <Filter>ソース ファイル\mode\tutorial</Filter>
    </ClCompile>
    <ClCompile Include="tutorial_screen.cpp">
      <Filter>ソース ファイル\mode\tutorial</Filter>
    </ClCompile>
    <ClCompile Include="resultscore.cpp">
      <Filter>ソース ファイル\mode\result</Filter>
    </ClCompile>
    <ClCompile Include="result.cpp">
      <Filter>ソース ファイル\mode\result</Filter>
    </ClCompile>
    <ClCompile Include="resultmanager.cpp">
      <Filter>ソース ファイル\mode\result</Filter>
    </ClCompile>
    <ClCompile Include="ranking.cpp">
      <Filter>ソース ファイル\mode\ranking</Filter>
    </ClCompile>
    <ClCompile Include="rankingmanager.cpp">
      <Filter>ソース ファイル\mode\ranking</Filter>
    </ClCompile>
    <ClCompile Include="rankingscore.cpp">
      <Filter>ソース ファイル\mode\ranking</Filter>
    </ClCompile>
    <ClCompile Include="multinumber.cpp">
      <Filter>ソース ファイル\number</Filter>
    </ClCompile>
    <ClCompile Include="number.cpp">
      <Filter>ソース ファイル\number</Filter>
    </ClCompile>
    <ClCompile Include="number_2D.cpp">
      <Filter>ソース ファイル\number</Filter>
    </ClCompile>
    <ClCompile Include="number_3D.cpp">
      <Filter>ソース ファイル\number</Filter>
    </ClCompile>
    <ClCompile Include="number_Billboard.cpp">
      <Filter>ソース ファイル\number</Filter>
    </ClCompile>
    <ClCompile Include="message_lose.cpp">
      <Filter>ソース ファイル\mode\result</Filter>
    </ClCompile>
    <ClCompile Include="message_win.cpp">
      <Filter>ソース ファイル\mode\result</Filter>
    </ClCompile>
    <ClCompile Include="impactwave.cpp">
      <Filter>ソース ファイル\mesh</Filter>
    </ClCompile>
    <ClCompile Include="Xload.cpp">
      <Filter>ソース ファイル\system</Filter>
    </ClCompile>
    <ClCompile Include="texture.cpp">
      <Filter>ソース ファイル\system</Filter>
    </ClCompile>
    <ClCompile Include="input.cpp">
      <Filter>ソース ファイル\system</Filter>
    </ClCompile>
    <ClCompile Include="main.cpp">
      <Filter>ソース ファイル\system</Filter>
    </ClCompile>
    <ClCompile Include="manager.cpp">
      <Filter>ソース ファイル\system</Filter>
    </ClCompile>
    <ClCompile Include="scene.cpp">
      <Filter>ソース ファイル\mode</Filter>
    </ClCompile>
    <ClCompile Include="sound.cpp">
      <Filter>ソース ファイル\system</Filter>
    </ClCompile>
    <ClCompile Include="renderer.cpp">
      <Filter>ソース ファイル\system</Filter>
    </ClCompile>
    <ClCompile Include="elevation.cpp">
      <Filter>ソース ファイル\mesh</Filter>
    </ClCompile>
    <ClCompile Include="player.cpp">
      <Filter>ソース ファイル\player</Filter>
    </ClCompile>
    <ClCompile Include="targetpoint.cpp">
      <Filter>ソース ファイル\mesh</Filter>
    </ClCompile>
    <ClCompile Include="light.cpp">
      <Filter>ソース ファイル\system</Filter>
    </ClCompile>
    <ClCompile Include="objectHierarchy.cpp">
      <Filter>ソース ファイル\object</Filter>
    </ClCompile>
    <ClCompile Include="MyEffekseer.cpp">
      <Filter>ソース ファイル</Filter>
    </ClCompile>
    <ClCompile Include="mylib.cpp">
      <Filter>ソース ファイル</Filter>
    </ClCompile>
  </ItemGroup>
  <ItemGroup>
    <ClInclude Include="ballast.h">
      <Filter>ヘッダー ファイル</Filter>
    </ClInclude>
    <ClInclude Include="beam.h">
      <Filter>ヘッダー ファイル</Filter>
    </ClInclude>
    <ClInclude Include="bg.h">
      <Filter>ヘッダー ファイル</Filter>
    </ClInclude>
    <ClInclude Include="blackframe.h">
      <Filter>ヘッダー ファイル</Filter>
    </ClInclude>
    <ClInclude Include="bullet.h">
      <Filter>ヘッダー ファイル</Filter>
    </ClInclude>
    <ClInclude Include="calculation.h">
      <Filter>ヘッダー ファイル</Filter>
    </ClInclude>
    <ClInclude Include="camera.h">
      <Filter>ヘッダー ファイル</Filter>
    </ClInclude>
    <ClInclude Include="collision.h">
      <Filter>ヘッダー ファイル</Filter>
    </ClInclude>
    <ClInclude Include="collisionobject.h">
      <Filter>ヘッダー ファイル</Filter>
    </ClInclude>
    <ClInclude Include="constans.h">
      <Filter>ヘッダー ファイル</Filter>
    </ClInclude>
    <ClInclude Include="debugproc.h">
      <Filter>ヘッダー ファイル</Filter>
    </ClInclude>
    <ClInclude Include="explosion.h">
      <Filter>ヘッダー ファイル</Filter>
    </ClInclude>
    <ClInclude Include="fade.h">
      <Filter>ヘッダー ファイル</Filter>
    </ClInclude>
    <ClInclude Include="hp_gauge.h">
      <Filter>ヘッダー ファイル</Filter>
    </ClInclude>
    <ClInclude Include="hp_gauge_boss.h">
      <Filter>ヘッダー ファイル</Filter>
    </ClInclude>
    <ClInclude Include="instantfade.h">
      <Filter>ヘッダー ファイル</Filter>
    </ClInclude>
    <ClInclude Include="limitarea.h">
      <Filter>ヘッダー ファイル</Filter>
    </ClInclude>
    <ClInclude Include="listmanager.h">
      <Filter>ヘッダー ファイル</Filter>
    </ClInclude>
    <ClInclude Include="map.h">
      <Filter>ヘッダー ファイル</Filter>
    </ClInclude>
    <ClInclude Include="model.h">
      <Filter>ヘッダー ファイル</Filter>
    </ClInclude>
    <ClInclude Include="motion.h">
      <Filter>ヘッダー ファイル</Filter>
    </ClInclude>
    <ClInclude Include="particle.h">
      <Filter>ヘッダー ファイル</Filter>
    </ClInclude>
    <ClInclude Include="pause.h">
      <Filter>ヘッダー ファイル</Filter>
    </ClInclude>
    <ClInclude Include="precompile.h">
      <Filter>ヘッダー ファイル</Filter>
    </ClInclude>
    <ClInclude Include="santabag.h">
      <Filter>ヘッダー ファイル</Filter>
    </ClInclude>
    <ClInclude Include="score.h">
      <Filter>ヘッダー ファイル</Filter>
    </ClInclude>
    <ClInclude Include="shadow.h">
      <Filter>ヘッダー ファイル</Filter>
    </ClInclude>
    <ClInclude Include="stage.h">
      <Filter>ヘッダー ファイル</Filter>
    </ClInclude>
    <ClInclude Include="stagecleartext.h">
      <Filter>ヘッダー ファイル</Filter>
    </ClInclude>
    <ClInclude Include="timer.h">
      <Filter>ヘッダー ファイル</Filter>
    </ClInclude>
    <ClInclude Include="effect_addscore.h">
      <Filter>ヘッダー ファイル\effect</Filter>
    </ClInclude>
    <ClInclude Include="effect_enemyspawn.h">
      <Filter>ヘッダー ファイル\effect</Filter>
    </ClInclude>
    <ClInclude Include="effect_slashhit.h">
      <Filter>ヘッダー ファイル\effect</Filter>
    </ClInclude>
    <ClInclude Include="effect_startupeye.h">
      <Filter>ヘッダー ファイル\effect</Filter>
    </ClInclude>
    <ClInclude Include="effect_thunderring.h">
      <Filter>ヘッダー ファイル\effect</Filter>
    </ClInclude>
    <ClInclude Include="2D_effect.h">
      <Filter>ヘッダー ファイル\effect</Filter>
    </ClInclude>
    <ClInclude Include="3D_effect.h">
      <Filter>ヘッダー ファイル\effect</Filter>
    </ClInclude>
    <ClInclude Include="enemy.h">
      <Filter>ヘッダー ファイル\enemy</Filter>
    </ClInclude>
    <ClInclude Include="enemy_boss.h">
      <Filter>ヘッダー ファイル\enemy</Filter>
    </ClInclude>
    <ClInclude Include="enemy_cookie.h">
      <Filter>ヘッダー ファイル\enemy</Filter>
    </ClInclude>
    <ClInclude Include="enemy_orafu.h">
      <Filter>ヘッダー ファイル\enemy</Filter>
    </ClInclude>
    <ClInclude Include="enemybase.h">
      <Filter>ヘッダー ファイル\enemy</Filter>
    </ClInclude>
    <ClInclude Include="enemymanager.h">
      <Filter>ヘッダー ファイル\enemy</Filter>
    </ClInclude>
    <ClInclude Include="object.h">
      <Filter>ヘッダー ファイル\object</Filter>
    </ClInclude>
    <ClInclude Include="object_circlegauge2D.h">
      <Filter>ヘッダー ファイル\object</Filter>
    </ClInclude>
    <ClInclude Include="object2D.h">
      <Filter>ヘッダー ファイル\object</Filter>
    </ClInclude>
    <ClInclude Include="object2D_Anim.h">
      <Filter>ヘッダー ファイル\object</Filter>
    </ClInclude>
    <ClInclude Include="object3D.h">
      <Filter>ヘッダー ファイル\object</Filter>
    </ClInclude>
    <ClInclude Include="object3D_Anim.h">
      <Filter>ヘッダー ファイル\object</Filter>
    </ClInclude>
    <ClInclude Include="object3DMesh.h">
      <Filter>ヘッダー ファイル\object</Filter>
    </ClInclude>
    <ClInclude Include="objectBillboard.h">
      <Filter>ヘッダー ファイル\object</Filter>
    </ClInclude>
    <ClInclude Include="objectBillboard_Anim.h">
      <Filter>ヘッダー ファイル\object</Filter>
    </ClInclude>
    <ClInclude Include="objectChara.h">
      <Filter>ヘッダー ファイル\object</Filter>
    </ClInclude>
    <ClInclude Include="objectX.h">
      <Filter>ヘッダー ファイル\object</Filter>
    </ClInclude>
    <ClInclude Include="multinumber.h">
      <Filter>ヘッダー ファイル\number</Filter>
    </ClInclude>
    <ClInclude Include="number.h">
      <Filter>ヘッダー ファイル\number</Filter>
    </ClInclude>
    <ClInclude Include="number_2D.h">
      <Filter>ヘッダー ファイル\number</Filter>
    </ClInclude>
    <ClInclude Include="number_3D.h">
      <Filter>ヘッダー ファイル\number</Filter>
    </ClInclude>
    <ClInclude Include="number_Billboard.h">
      <Filter>ヘッダー ファイル\number</Filter>
    </ClInclude>
    <ClInclude Include="meshcylinder.h">
      <Filter>ヘッダー ファイル\mesh</Filter>
    </ClInclude>
    <ClInclude Include="meshdome.h">
      <Filter>ヘッダー ファイル\mesh</Filter>
    </ClInclude>
    <ClInclude Include="meshfield.h">
      <Filter>ヘッダー ファイル\mesh</Filter>
    </ClInclude>
    <ClInclude Include="meshsphere.h">
      <Filter>ヘッダー ファイル\mesh</Filter>
    </ClInclude>
    <ClInclude Include="meshwall.h">
      <Filter>ヘッダー ファイル\mesh</Filter>
    </ClInclude>
    <ClInclude Include="edit.h">
      <Filter>ヘッダー ファイル\edit</Filter>
    </ClInclude>
    <ClInclude Include="edit_enemybase.h">
      <Filter>ヘッダー ファイル\edit</Filter>
    </ClInclude>
    <ClInclude Include="targetpoint.h">
      <Filter>ヘッダー ファイル\mesh</Filter>
    </ClInclude>
    <ClInclude Include="impactwave.h">
      <Filter>ヘッダー ファイル\mesh</Filter>
    </ClInclude>
    <ClInclude Include="elevation.h">
      <Filter>ヘッダー ファイル\mesh</Filter>
    </ClInclude>
    <ClInclude Include="result.h">
      <Filter>ヘッダー ファイル\mode\result</Filter>
    </ClInclude>
    <ClInclude Include="resultmanager.h">
      <Filter>ヘッダー ファイル\mode\result</Filter>
    </ClInclude>
    <ClInclude Include="resultscore.h">
      <Filter>ヘッダー ファイル\mode\result</Filter>
    </ClInclude>
    <ClInclude Include="message_lose.h">
      <Filter>ヘッダー ファイル\mode\result</Filter>
    </ClInclude>
    <ClInclude Include="message_win.h">
      <Filter>ヘッダー ファイル\mode\result</Filter>
    </ClInclude>
    <ClInclude Include="game.h">
      <Filter>ヘッダー ファイル\mode\game</Filter>
    </ClInclude>
    <ClInclude Include="gamemanager.h">
      <Filter>ヘッダー ファイル\mode\game</Filter>
    </ClInclude>
    <ClInclude Include="title.h">
      <Filter>ヘッダー ファイル\mode\title</Filter>
    </ClInclude>
    <ClInclude Include="title_screen.h">
      <Filter>ヘッダー ファイル\mode\title</Filter>
    </ClInclude>
    <ClInclude Include="tutorial.h">
      <Filter>ヘッダー ファイル\mode\tutorial</Filter>
    </ClInclude>
    <ClInclude Include="tutorial_screen.h">
      <Filter>ヘッダー ファイル\mode\tutorial</Filter>
    </ClInclude>
    <ClInclude Include="ranking.h">
      <Filter>ヘッダー ファイル\mode\ranking</Filter>
    </ClInclude>
    <ClInclude Include="rankingmanager.h">
      <Filter>ヘッダー ファイル\mode\ranking</Filter>
    </ClInclude>
    <ClInclude Include="rankingscore.h">
      <Filter>ヘッダー ファイル\mode\ranking</Filter>
    </ClInclude>
    <ClInclude Include="input.h">
      <Filter>ヘッダー ファイル\system</Filter>
    </ClInclude>
    <ClInclude Include="light.h">
      <Filter>ヘッダー ファイル\system</Filter>
    </ClInclude>
    <ClInclude Include="main.h">
      <Filter>ヘッダー ファイル\system</Filter>
    </ClInclude>
    <ClInclude Include="scene.h">
      <Filter>ヘッダー ファイル\mode</Filter>
    </ClInclude>
    <ClInclude Include="Xload.h">
      <Filter>ヘッダー ファイル\system</Filter>
    </ClInclude>
    <ClInclude Include="texture.h">
      <Filter>ヘッダー ファイル\system</Filter>
    </ClInclude>
    <ClInclude Include="sound.h">
      <Filter>ヘッダー ファイル\system</Filter>
    </ClInclude>
    <ClInclude Include="renderer.h">
      <Filter>ヘッダー ファイル\system</Filter>
    </ClInclude>
    <ClInclude Include="manager.h">
      <Filter>ヘッダー ファイル\system</Filter>
    </ClInclude>
    <ClInclude Include="player.h">
      <Filter>ヘッダー ファイル\player</Filter>
    </ClInclude>
    <ClInclude Include="objectHierarchy.h">
      <Filter>ヘッダー ファイル\object</Filter>
    </ClInclude>
    <ClInclude Include="MyEffekseer.h">
      <Filter>ヘッダー ファイル</Filter>
    </ClInclude>
    <ClInclude Include="mylib.h">
      <Filter>ヘッダー ファイル</Filter>
    </ClInclude>
  </ItemGroup>
</Project>